
Microsoft Visual Studio Solution File, Format Version 12.00
# Visual Studio Version 16
VisualStudioVersion = 16.0.30128.74
MinimumVisualStudioVersion = 10.0.40219.1
Project("{9A19103F-16F7-4668-BE54-9A1E7A4F7556}") = "ShibbolethLogin", "ShibbolethLogin\ShibbolethLogin.csproj", "{F3780CEF-879D-4956-8B4E-2558E68DCE83}"
EndProject
Project("{9A19103F-16F7-4668-BE54-9A1E7A4F7556}") = "ShibbolethApp", "ShibbolethApp\ShibbolethApp.csproj", "{C06055DC-82CD-4559-B087-160907E158D0}"
EndProject
Project("{9A19103F-16F7-4668-BE54-9A1E7A4F7556}") = "ShibbolethLogin.ActiveDirectory", "ShibbolethLogin.ActiveDirectory\ShibbolethLogin.ActiveDirectory.csproj", "{824190F0-86B1-4518-83C3-929F47173894}"
EndProject
Project("{9A19103F-16F7-4668-BE54-9A1E7A4F7556}") = "ShibbolethLogin.Tests", "ShibbolethLogin.Tests\ShibbolethLogin.Tests.csproj", "{7C4B581A-0487-4098-8623-3AE058D6EBDC}"
EndProject
Project("{2150E333-8FDC-42A3-9474-1A3956D46DE8}") = "packages", "packages", "{4157322C-B57B-4D8A-A5EE-83345E3CAD34}"
EndProject
Global
	GlobalSection(SolutionConfigurationPlatforms) = preSolution
		Debug|Any CPU = Debug|Any CPU
		Release|Any CPU = Release|Any CPU
	EndGlobalSection
	GlobalSection(ProjectConfigurationPlatforms) = postSolution
		{F3780CEF-879D-4956-8B4E-2558E68DCE83}.Debug|Any CPU.ActiveCfg = Debug|Any CPU
		{F3780CEF-879D-4956-8B4E-2558E68DCE83}.Debug|Any CPU.Build.0 = Debug|Any CPU
		{F3780CEF-879D-4956-8B4E-2558E68DCE83}.Release|Any CPU.ActiveCfg = Release|Any CPU
		{F3780CEF-879D-4956-8B4E-2558E68DCE83}.Release|Any CPU.Build.0 = Release|Any CPU
		{C06055DC-82CD-4559-B087-160907E158D0}.Debug|Any CPU.ActiveCfg = Debug|Any CPU
		{C06055DC-82CD-4559-B087-160907E158D0}.Debug|Any CPU.Build.0 = Debug|Any CPU
		{C06055DC-82CD-4559-B087-160907E158D0}.Release|Any CPU.ActiveCfg = Release|Any CPU
		{C06055DC-82CD-4559-B087-160907E158D0}.Release|Any CPU.Build.0 = Release|Any CPU
		{824190F0-86B1-4518-83C3-929F47173894}.Debug|Any CPU.ActiveCfg = Debug|Any CPU
		{824190F0-86B1-4518-83C3-929F47173894}.Debug|Any CPU.Build.0 = Debug|Any CPU
		{824190F0-86B1-4518-83C3-929F47173894}.Release|Any CPU.ActiveCfg = Release|Any CPU
		{824190F0-86B1-4518-83C3-929F47173894}.Release|Any CPU.Build.0 = Release|Any CPU
		{7C4B581A-0487-4098-8623-3AE058D6EBDC}.Debug|Any CPU.ActiveCfg = Debug|Any CPU
		{7C4B581A-0487-4098-8623-3AE058D6EBDC}.Debug|Any CPU.Build.0 = Debug|Any CPU
		{7C4B581A-0487-4098-8623-3AE058D6EBDC}.Release|Any CPU.ActiveCfg = Release|Any CPU
		{7C4B581A-0487-4098-8623-3AE058D6EBDC}.Release|Any CPU.Build.0 = Release|Any CPU
	EndGlobalSection
	GlobalSection(SolutionProperties) = preSolution
		HideSolutionNode = FALSE
	EndGlobalSection
	GlobalSection(ExtensibilityGlobals) = postSolution
		SolutionGuid = {7E420CB9-E611-4A82-8D77-BC8741F63D6B}
	EndGlobalSection
EndGlobal
